
Microsoft Visual Studio Solution File, Format Version 12.00
# Visual Studio Version 16
VisualStudioVersion = 16.0.31019.35
MinimumVisualStudioVersion = 10.0.40219.1
Project("{9A19103F-16F7-4668-BE54-9A1E7A4F7556}") = "Kata_2", "Kata_2\Kata_2.csproj", "{4696D638-FE42-463F-820D-D82A12D55034}"
EndProject
Global
	GlobalSection(SolutionConfigurationPlatforms) = preSolution
		Debug|Any CPU = Debug|Any CPU
		Release|Any CPU = Release|Any CPU
	EndGlobalSection
	GlobalSection(ProjectConfigurationPlatforms) = postSolution
		{4696D638-FE42-463F-820D-D82A12D55034}.Debug|Any CPU.ActiveCfg = Debug|Any CPU
		{4696D638-FE42-463F-820D-D82A12D55034}.Debug|Any CPU.Build.0 = Debug|Any CPU
		{4696D638-FE42-463F-820D-D82A12D55034}.Release|Any CPU.ActiveCfg = Release|Any CPU
		{4696D638-FE42-463F-820D-D82A12D55034}.Release|Any CPU.Build.0 = Release|Any CPU
	EndGlobalSection
	GlobalSection(SolutionProperties) = preSolution
		HideSolutionNode = FALSE
	EndGlobalSection
	GlobalSection(ExtensibilityGlobals) = postSolution
		SolutionGuid = {4D6421D4-A21A-4617-9D16-2CD006779980}
	EndGlobalSection
EndGlobal
